
Microsoft Visual Studio Solution File, Format Version 12.00
# Visual Studio Version 17
VisualStudioVersion = 17.0.31903.59
MinimumVisualStudioVersion = 10.0.40219.1
Project("{FAE04EC0-301F-11D3-BF4B-00C04F79EFBC}") = "HexFlex.Blazor", "HexFlex.Blazor\HexFlex.Blazor.csproj", "{1B767062-232D-4B9A-B8F5-CF2BCC02E5A5}"
EndProject
Project("{FAE04EC0-301F-11D3-BF4B-00C04F79EFBC}") = "HexFlex.Tests", "HexFlex.Tests\HexFlex.Tests.csproj", "{9D947CF9-F69F-4EC6-B4A2-FCD35B46C49B}"
EndProject
Global
	GlobalSection(SolutionConfigurationPlatforms) = preSolution
		Debug|Any CPU = Debug|Any CPU
		Debug|x64 = Debug|x64
		Debug|x86 = Debug|x86
		Release|Any CPU = Release|Any CPU
		Release|x64 = Release|x64
		Release|x86 = Release|x86
	EndGlobalSection
	GlobalSection(ProjectConfigurationPlatforms) = postSolution
		{1B767062-232D-4B9A-B8F5-CF2BCC02E5A5}.Debug|Any CPU.ActiveCfg = Debug|Any CPU
		{1B767062-232D-4B9A-B8F5-CF2BCC02E5A5}.Debug|Any CPU.Build.0 = Debug|Any CPU
		{1B767062-232D-4B9A-B8F5-CF2BCC02E5A5}.Debug|x64.ActiveCfg = Debug|Any CPU
		{1B767062-232D-4B9A-B8F5-CF2BCC02E5A5}.Debug|x64.Build.0 = Debug|Any CPU
		{1B767062-232D-4B9A-B8F5-CF2BCC02E5A5}.Debug|x86.ActiveCfg = Debug|Any CPU
		{1B767062-232D-4B9A-B8F5-CF2BCC02E5A5}.Debug|x86.Build.0 = Debug|Any CPU
		{1B767062-232D-4B9A-B8F5-CF2BCC02E5A5}.Release|Any CPU.ActiveCfg = Release|Any CPU
		{1B767062-232D-4B9A-B8F5-CF2BCC02E5A5}.Release|Any CPU.Build.0 = Release|Any CPU
		{1B767062-232D-4B9A-B8F5-CF2BCC02E5A5}.Release|x64.ActiveCfg = Release|Any CPU
		{1B767062-232D-4B9A-B8F5-CF2BCC02E5A5}.Release|x64.Build.0 = Release|Any CPU
		{1B767062-232D-4B9A-B8F5-CF2BCC02E5A5}.Release|x86.ActiveCfg = Release|Any CPU
		{1B767062-232D-4B9A-B8F5-CF2BCC02E5A5}.Release|x86.Build.0 = Release|Any CPU
		{9D947CF9-F69F-4EC6-B4A2-FCD35B46C49B}.Debug|Any CPU.ActiveCfg = Debug|Any CPU
		{9D947CF9-F69F-4EC6-B4A2-FCD35B46C49B}.Debug|Any CPU.Build.0 = Debug|Any CPU
		{9D947CF9-F69F-4EC6-B4A2-FCD35B46C49B}.Debug|x64.ActiveCfg = Debug|Any CPU
		{9D947CF9-F69F-4EC6-B4A2-FCD35B46C49B}.Debug|x64.Build.0 = Debug|Any CPU
		{9D947CF9-F69F-4EC6-B4A2-FCD35B46C49B}.Debug|x86.ActiveCfg = Debug|Any CPU
		{9D947CF9-F69F-4EC6-B4A2-FCD35B46C49B}.Debug|x86.Build.0 = Debug|Any CPU
		{9D947CF9-F69F-4EC6-B4A2-FCD35B46C49B}.Release|Any CPU.ActiveCfg = Release|Any CPU
		{9D947CF9-F69F-4EC6-B4A2-FCD35B46C49B}.Release|Any CPU.Build.0 = Release|Any CPU
		{9D947CF9-F69F-4EC6-B4A2-FCD35B46C49B}.Release|x64.ActiveCfg = Release|Any CPU
		{9D947CF9-F69F-4EC6-B4A2-FCD35B46C49B}.Release|x64.Build.0 = Release|Any CPU
		{9D947CF9-F69F-4EC6-B4A2-FCD35B46C49B}.Release|x86.ActiveCfg = Release|Any CPU
		{9D947CF9-F69F-4EC6-B4A2-FCD35B46C49B}.Release|x86.Build.0 = Release|Any CPU
	EndGlobalSection
	GlobalSection(SolutionProperties) = preSolution
		HideSolutionNode = FALSE
	EndGlobalSection
EndGlobal
